
Microsoft Visual Studio Solution File, Format Version 12.00
# Visual Studio Version 17
VisualStudioVersion = 17.11.35312.102
MinimumVisualStudioVersion = 10.0.40219.1
Project("{8BC9CEB8-8B4A-11D0-8D11-00A0C91BC942}") = "Project2", "Project2\Project2.vcxproj", "{8393125C-B4CF-40B4-A763-CC89F8EFEBBE}"
EndProject
Global
	GlobalSection(SolutionConfigurationPlatforms) = preSolution
		Debug|x64 = Debug|x64
		Debug|x86 = Debug|x86
		Release|x64 = Release|x64
		Release|x86 = Release|x86
	EndGlobalSection
	GlobalSection(ProjectConfigurationPlatforms) = postSolution
		{8393125C-B4CF-40B4-A763-CC89F8EFEBBE}.Debug|x64.ActiveCfg = Debug|x64
		{8393125C-B4CF-40B4-A763-CC89F8EFEBBE}.Debug|x64.Build.0 = Debug|x64
		{8393125C-B4CF-40B4-A763-CC89F8EFEBBE}.Debug|x86.ActiveCfg = Debug|Win32
		{8393125C-B4CF-40B4-A763-CC89F8EFEBBE}.Debug|x86.Build.0 = Debug|Win32
		{8393125C-B4CF-40B4-A763-CC89F8EFEBBE}.Release|x64.ActiveCfg = Release|x64
		{8393125C-B4CF-40B4-A763-CC89F8EFEBBE}.Release|x64.Build.0 = Release|x64
		{8393125C-B4CF-40B4-A763-CC89F8EFEBBE}.Release|x86.ActiveCfg = Release|Win32
		{8393125C-B4CF-40B4-A763-CC89F8EFEBBE}.Release|x86.Build.0 = Release|Win32
	EndGlobalSection
	GlobalSection(SolutionProperties) = preSolution
		HideSolutionNode = FALSE
	EndGlobalSection
	GlobalSection(ExtensibilityGlobals) = postSolution
		SolutionGuid = {6969CB96-A618-452A-86C6-F568D3229FC6}
	EndGlobalSection
EndGlobal
